
Microsoft Visual Studio Solution File, Format Version 12.00
# Visual Studio Version 17
VisualStudioVersion = 17.0.31903.59
MinimumVisualStudioVersion = 10.0.40219.1
Project("{2150E333-8FDC-42A3-9474-1A3956D46DE8}") = "Tests", "Tests", "{0AB3BF05-4346-4AA6-1389-037BE0695223}"
EndProject
Project("{FAE04EC0-301F-11D3-BF4B-00C04F79EFBC}") = "ProductApp.Web.Tests", "Tests\ProductApp.Web.Tests\ProductApp.Web.Tests.csproj", "{EA245172-2DE3-45C8-82C9-4B53D12E7103}"
EndProject
Project("{2150E333-8FDC-42A3-9474-1A3956D46DE8}") = "src", "src", "{827E0CD3-B72D-47B6-A68D-7590B98EB39B}"
EndProject
Project("{FAE04EC0-301F-11D3-BF4B-00C04F79EFBC}") = "ProductApp.Web", "src\ProductApp.Web\ProductApp.Web.csproj", "{CA83F695-C314-46FF-B4A5-1D494508172D}"
EndProject
Project("{FAE04EC0-301F-11D3-BF4B-00C04F79EFBC}") = "ProductApp.Utilities", "src\ProductApp.Utilities\ProductApp.Utilities.csproj", "{759C8562-0C62-43C6-88E4-1C3E974E3EBD}"
EndProject
Project("{FAE04EC0-301F-11D3-BF4B-00C04F79EFBC}") = "ProductApp.Domain", "src\ProductApp.Domain\ProductApp.Domain.csproj", "{5AF15C28-8859-40B1-AB24-DD1FCEE67FC6}"
EndProject
Project("{FAE04EC0-301F-11D3-BF4B-00C04F79EFBC}") = "ProductApp.Application", "src\ProductApp.Application\ProductApp.Application.csproj", "{5A31A470-0D25-4017-BF76-99468B1B146A}"
EndProject
Project("{FAE04EC0-301F-11D3-BF4B-00C04F79EFBC}") = "ProductApp.Infrastructure", "src\ProductApp.Infrastructure\ProductApp.Infrastructure.csproj", "{D54F366B-7423-414D-A327-34BB6AEED114}"
EndProject
Global
	GlobalSection(SolutionConfigurationPlatforms) = preSolution
		Debug|Any CPU = Debug|Any CPU
		Debug|x64 = Debug|x64
		Debug|x86 = Debug|x86
		Release|Any CPU = Release|Any CPU
		Release|x64 = Release|x64
		Release|x86 = Release|x86
	EndGlobalSection
	GlobalSection(ProjectConfigurationPlatforms) = postSolution
		{EA245172-2DE3-45C8-82C9-4B53D12E7103}.Debug|Any CPU.ActiveCfg = Debug|Any CPU
		{EA245172-2DE3-45C8-82C9-4B53D12E7103}.Debug|Any CPU.Build.0 = Debug|Any CPU
		{EA245172-2DE3-45C8-82C9-4B53D12E7103}.Debug|x64.ActiveCfg = Debug|Any CPU
		{EA245172-2DE3-45C8-82C9-4B53D12E7103}.Debug|x64.Build.0 = Debug|Any CPU
		{EA245172-2DE3-45C8-82C9-4B53D12E7103}.Debug|x86.ActiveCfg = Debug|Any CPU
		{EA245172-2DE3-45C8-82C9-4B53D12E7103}.Debug|x86.Build.0 = Debug|Any CPU
		{EA245172-2DE3-45C8-82C9-4B53D12E7103}.Release|Any CPU.ActiveCfg = Release|Any CPU
		{EA245172-2DE3-45C8-82C9-4B53D12E7103}.Release|Any CPU.Build.0 = Release|Any CPU
		{EA245172-2DE3-45C8-82C9-4B53D12E7103}.Release|x64.ActiveCfg = Release|Any CPU
		{EA245172-2DE3-45C8-82C9-4B53D12E7103}.Release|x64.Build.0 = Release|Any CPU
		{EA245172-2DE3-45C8-82C9-4B53D12E7103}.Release|x86.ActiveCfg = Release|Any CPU
		{EA245172-2DE3-45C8-82C9-4B53D12E7103}.Release|x86.Build.0 = Release|Any CPU
		{CA83F695-C314-46FF-B4A5-1D494508172D}.Debug|Any CPU.ActiveCfg = Debug|Any CPU
		{CA83F695-C314-46FF-B4A5-1D494508172D}.Debug|Any CPU.Build.0 = Debug|Any CPU
		{CA83F695-C314-46FF-B4A5-1D494508172D}.Debug|x64.ActiveCfg = Debug|Any CPU
		{CA83F695-C314-46FF-B4A5-1D494508172D}.Debug|x64.Build.0 = Debug|Any CPU
		{CA83F695-C314-46FF-B4A5-1D494508172D}.Debug|x86.ActiveCfg = Debug|Any CPU
		{CA83F695-C314-46FF-B4A5-1D494508172D}.Debug|x86.Build.0 = Debug|Any CPU
		{CA83F695-C314-46FF-B4A5-1D494508172D}.Release|Any CPU.ActiveCfg = Release|Any CPU
		{CA83F695-C314-46FF-B4A5-1D494508172D}.Release|Any CPU.Build.0 = Release|Any CPU
		{CA83F695-C314-46FF-B4A5-1D494508172D}.Release|x64.ActiveCfg = Release|Any CPU
		{CA83F695-C314-46FF-B4A5-1D494508172D}.Release|x64.Build.0 = Release|Any CPU
		{CA83F695-C314-46FF-B4A5-1D494508172D}.Release|x86.ActiveCfg = Release|Any CPU
		{CA83F695-C314-46FF-B4A5-1D494508172D}.Release|x86.Build.0 = Release|Any CPU
		{759C8562-0C62-43C6-88E4-1C3E974E3EBD}.Debug|Any CPU.ActiveCfg = Debug|Any CPU
		{759C8562-0C62-43C6-88E4-1C3E974E3EBD}.Debug|Any CPU.Build.0 = Debug|Any CPU
		{759C8562-0C62-43C6-88E4-1C3E974E3EBD}.Debug|x64.ActiveCfg = Debug|Any CPU
		{759C8562-0C62-43C6-88E4-1C3E974E3EBD}.Debug|x64.Build.0 = Debug|Any CPU
		{759C8562-0C62-43C6-88E4-1C3E974E3EBD}.Debug|x86.ActiveCfg = Debug|Any CPU
		{759C8562-0C62-43C6-88E4-1C3E974E3EBD}.Debug|x86.Build.0 = Debug|Any CPU
		{759C8562-0C62-43C6-88E4-1C3E974E3EBD}.Release|Any CPU.ActiveCfg = Release|Any CPU
		{759C8562-0C62-43C6-88E4-1C3E974E3EBD}.Release|Any CPU.Build.0 = Release|Any CPU
		{759C8562-0C62-43C6-88E4-1C3E974E3EBD}.Release|x64.ActiveCfg = Release|Any CPU
		{759C8562-0C62-43C6-88E4-1C3E974E3EBD}.Release|x64.Build.0 = Release|Any CPU
		{759C8562-0C62-43C6-88E4-1C3E974E3EBD}.Release|x86.ActiveCfg = Release|Any CPU
		{759C8562-0C62-43C6-88E4-1C3E974E3EBD}.Release|x86.Build.0 = Release|Any CPU
		{5AF15C28-8859-40B1-AB24-DD1FCEE67FC6}.Debug|Any CPU.ActiveCfg = Debug|Any CPU
		{5AF15C28-8859-40B1-AB24-DD1FCEE67FC6}.Debug|Any CPU.Build.0 = Debug|Any CPU
		{5AF15C28-8859-40B1-AB24-DD1FCEE67FC6}.Debug|x64.ActiveCfg = Debug|Any CPU
		{5AF15C28-8859-40B1-AB24-DD1FCEE67FC6}.Debug|x64.Build.0 = Debug|Any CPU
		{5AF15C28-8859-40B1-AB24-DD1FCEE67FC6}.Debug|x86.ActiveCfg = Debug|Any CPU
		{5AF15C28-8859-40B1-AB24-DD1FCEE67FC6}.Debug|x86.Build.0 = Debug|Any CPU
		{5AF15C28-8859-40B1-AB24-DD1FCEE67FC6}.Release|Any CPU.ActiveCfg = Release|Any CPU
		{5AF15C28-8859-40B1-AB24-DD1FCEE67FC6}.Release|Any CPU.Build.0 = Release|Any CPU
		{5AF15C28-8859-40B1-AB24-DD1FCEE67FC6}.Release|x64.ActiveCfg = Release|Any CPU
		{5AF15C28-8859-40B1-AB24-DD1FCEE67FC6}.Release|x64.Build.0 = Release|Any CPU
		{5AF15C28-8859-40B1-AB24-DD1FCEE67FC6}.Release|x86.ActiveCfg = Release|Any CPU
		{5AF15C28-8859-40B1-AB24-DD1FCEE67FC6}.Release|x86.Build.0 = Release|Any CPU
		{5A31A470-0D25-4017-BF76-99468B1B146A}.Debug|Any CPU.ActiveCfg = Debug|Any CPU
		{5A31A470-0D25-4017-BF76-99468B1B146A}.Debug|Any CPU.Build.0 = Debug|Any CPU
		{5A31A470-0D25-4017-BF76-99468B1B146A}.Debug|x64.ActiveCfg = Debug|Any CPU
		{5A31A470-0D25-4017-BF76-99468B1B146A}.Debug|x64.Build.0 = Debug|Any CPU
		{5A31A470-0D25-4017-BF76-99468B1B146A}.Debug|x86.ActiveCfg = Debug|Any CPU
		{5A31A470-0D25-4017-BF76-99468B1B146A}.Debug|x86.Build.0 = Debug|Any CPU
		{5A31A470-0D25-4017-BF76-99468B1B146A}.Release|Any CPU.ActiveCfg = Release|Any CPU
		{5A31A470-0D25-4017-BF76-99468B1B146A}.Release|Any CPU.Build.0 = Release|Any CPU
		{5A31A470-0D25-4017-BF76-99468B1B146A}.Release|x64.ActiveCfg = Release|Any CPU
		{5A31A470-0D25-4017-BF76-99468B1B146A}.Release|x64.Build.0 = Release|Any CPU
		{5A31A470-0D25-4017-BF76-99468B1B146A}.Release|x86.ActiveCfg = Release|Any CPU
		{5A31A470-0D25-4017-BF76-99468B1B146A}.Release|x86.Build.0 = Release|Any CPU
		{D54F366B-7423-414D-A327-34BB6AEED114}.Debug|Any CPU.ActiveCfg = Debug|Any CPU
		{D54F366B-7423-414D-A327-34BB6AEED114}.Debug|Any CPU.Build.0 = Debug|Any CPU
		{D54F366B-7423-414D-A327-34BB6AEED114}.Debug|x64.ActiveCfg = Debug|Any CPU
		{D54F366B-7423-414D-A327-34BB6AEED114}.Debug|x64.Build.0 = Debug|Any CPU
		{D54F366B-7423-414D-A327-34BB6AEED114}.Debug|x86.ActiveCfg = Debug|Any CPU
		{D54F366B-7423-414D-A327-34BB6AEED114}.Debug|x86.Build.0 = Debug|Any CPU
		{D54F366B-7423-414D-A327-34BB6AEED114}.Release|Any CPU.ActiveCfg = Release|Any CPU
		{D54F366B-7423-414D-A327-34BB6AEED114}.Release|Any CPU.Build.0 = Release|Any CPU
		{D54F366B-7423-414D-A327-34BB6AEED114}.Release|x64.ActiveCfg = Release|Any CPU
		{D54F366B-7423-414D-A327-34BB6AEED114}.Release|x64.Build.0 = Release|Any CPU
		{D54F366B-7423-414D-A327-34BB6AEED114}.Release|x86.ActiveCfg = Release|Any CPU
		{D54F366B-7423-414D-A327-34BB6AEED114}.Release|x86.Build.0 = Release|Any CPU
	EndGlobalSection
	GlobalSection(SolutionProperties) = preSolution
		HideSolutionNode = FALSE
	EndGlobalSection
	GlobalSection(NestedProjects) = preSolution
		{EA245172-2DE3-45C8-82C9-4B53D12E7103} = {0AB3BF05-4346-4AA6-1389-037BE0695223}
		{CA83F695-C314-46FF-B4A5-1D494508172D} = {827E0CD3-B72D-47B6-A68D-7590B98EB39B}
		{759C8562-0C62-43C6-88E4-1C3E974E3EBD} = {827E0CD3-B72D-47B6-A68D-7590B98EB39B}
		{5AF15C28-8859-40B1-AB24-DD1FCEE67FC6} = {827E0CD3-B72D-47B6-A68D-7590B98EB39B}
		{5A31A470-0D25-4017-BF76-99468B1B146A} = {827E0CD3-B72D-47B6-A68D-7590B98EB39B}
		{D54F366B-7423-414D-A327-34BB6AEED114} = {827E0CD3-B72D-47B6-A68D-7590B98EB39B}
	EndGlobalSection
EndGlobal
